<?xml version="1.0" encoding="utf-8"?>
<Project ToolsVersion="4.0" xmlns="http://schemas.microsoft.com/developer/msbuild/2003">
  <ItemGroup>
    <Filter Include="examples">
      <UniqueIdentifier>{205febdf-6682-4f87-aa53-4f788b0c837e}</UniqueIdentifier>
    </Filter>
  </ItemGroup>
  <ItemGroup>
    <ClInclude Include="..\examples\elapsed_time_formatter.h">
      <Filter>examples</Filter>
    </ClInclude>
    <ClInclude Include="..\examples\simple_formatter.h">
      <Filter>examples</Filter>
    </ClInclude>
    <ClInclude Include="..\examples\std_vector_value_writer.h">
      <Filter>examples</Filter>
    </ClInclude>
    <ClInclude Include="..\dlog.h" />
    <ClInclude Include="..\examples\dlog_custom.h">
      <Filter>examples</Filter>
    </ClInclude>
  </ItemGroup>
  <ItemGroup>
    <ClCompile Include="..\examples\win32_console_example.cpp">
      <Filter>examples</Filter>
    </ClCompile>
  </ItemGroup>
  <ItemGroup>
    <None Include="..\LICENSE" />
    <None Include="..\README.md" />
  </ItemGroup>
</Project>